# This file is automatically @generated by Cargo.
# It is not intended for manual editing.
version = 3

[[package]]
name = "luarus-bytecode"
version = "0.1.0"

[[package]]
name = "luarus-cli"
version = "0.1.0"
dependencies = [
 "luarus-bytecode",
 "luarus-compile",
 "luarus-interp",
 "luarus-syntax",
 "luarus-vm",
]

[[package]]
name = "luarus-compile"
version = "0.1.0"
dependencies = [
 "luarus-bytecode",
 "luarus-diag",
 "luarus-syntax",
 "luarus-vm",
]

[[package]]
name = "luarus-diag"
version = "0.1.0"

[[package]]
name = "luarus-heap"
version = "0.1.0"

[[package]]
name = "luarus-interp"
version = "0.1.0"
dependencies = [
 "luarus-bytecode",
 "luarus-compile",
 "luarus-diag",
 "luarus-syntax",
 "luarus-vm",
]

[[package]]
name = "luarus-syntax"
version = "0.1.0"
dependencies = [
 "luarus-diag",
]

[[package]]
name = "luarus-vm"
version = "0.1.0"
dependencies = [
 "luarus-bytecode",
 "luarus-diag",
]
